PODS:
  - Adjust (4.23.0):
    - Adjust/Core (= 4.23.0)
  - Adjust/Core (4.23.0)
  - Analytics (4.0.5)
  - boost-for-react-native (1.63.0)
  - DoubleConversion (1.1.6)
  - EXApplication (2.3.0):
    - UMCore
  - EXAV (8.6.0):
    - UMCore
    - UMFileSystemInterface
    - UMPermissionsInterface
  - EXBlur (8.2.0):
    - UMCore
  - EXConstants (9.2.0):
    - UMConstantsInterface
    - UMCore
  - EXDevice (2.3.0):
    - UMCore
  - EXErrorRecovery (1.3.0):
    - UMCore
  - EXFileSystem (9.2.0):
    - UMCore
    - UMFileSystemInterface
  - EXFont (8.3.0):
    - UMCore
    - UMFontInterface
  - EXImageLoader (1.2.0):
    - React-Core
    - UMCore
    - UMImageLoaderInterface
  - EXImageManipulator (8.3.0):
    - UMCore
    - UMFileSystemInterface
    - UMImageLoaderInterface
  - EXImagePicker (9.1.1):
    - UMCore
    - UMFileSystemInterface
    - UMPermissionsInterface
  - EXKeepAwake (8.3.0):
    - UMCore
  - EXLinearGradient (8.3.0):
    - UMCore
  - EXLocalization (9.0.0):
    - UMCore
  - EXLocation (9.0.0):
    - UMCore
    - UMPermissionsInterface
    - UMTaskManagerInterface
  - EXMediaLibrary (9.2.1):
    - React
    - UMCore
    - UMFileSystemInterface
    - UMPermissionsInterface
  - EXNotifications (0.7.2):
    - UMCore
    - UMPermissionsInterface
  - EXPermissions (9.3.0):
    - UMCore
    - UMPermissionsInterface
  - EXScreenOrientation (2.0.0):
    - React-Core
    - UMCore
  - EXSecureStore (9.2.0):
    - UMCore
  - EXSplashScreen (0.6.1):
    - React
    - UMCore
  - EXSQLite (8.4.0):
    - UMCore
    - UMFileSystemInterface
  - EXUpdates (0.3.4):
    - React
    - UMCore
  - FBLazyVector (0.63.2)
  - FBReactNativeSpec (0.63.2):
    - Folly (= 2020.01.13.00)
    - RCTRequired (= 0.63.2)
    - RCTTypeSafety (= 0.63.2)
    - React-Core (= 0.63.2)
    - React-jsi (= 0.63.2)
    - ReactCommon/turbomodule/core (= 0.63.2)
  - Folly (2020.01.13.00):
    - boost-for-react-native
    - DoubleConversion
    - Folly/Default (= 2020.01.13.00)
    - glog
  - Folly/Default (2020.01.13.00):
    - boost-for-react-native
    - DoubleConversion
    - glog
  - glog (0.3.5)
  - Google-Maps-iOS-Utils (2.1.0):
    - Google-Maps-iOS-Utils/Clustering (= 2.1.0)
    - Google-Maps-iOS-Utils/Geometry (= 2.1.0)
    - Google-Maps-iOS-Utils/Heatmap (= 2.1.0)
    - Google-Maps-iOS-Utils/QuadTree (= 2.1.0)
    - GoogleMaps
  - Google-Maps-iOS-Utils/Clustering (2.1.0):
    - Google-Maps-iOS-Utils/QuadTree
    - GoogleMaps
  - Google-Maps-iOS-Utils/Geometry (2.1.0):
    - GoogleMaps
  - Google-Maps-iOS-Utils/Heatmap (2.1.0):
    - Google-Maps-iOS-Utils/QuadTree
    - GoogleMaps
  - Google-Maps-iOS-Utils/QuadTree (2.1.0):
    - GoogleMaps
  - GoogleMaps (3.5.0):
    - GoogleMaps/Maps (= 3.5.0)
  - GoogleMaps/Base (3.5.0)
  - GoogleMaps/Maps (3.5.0):
    - GoogleMaps/Base
  - imglyKit (10.21.1)
  - lottie-ios (3.1.8)
  - lottie-react-native (3.5.0):
    - lottie-ios (~> 3.1.8)
    - React
  - Mixpanel (3.6.3)
  - mobile-ffmpeg-https-gpl (4.3.1.LTS)
  - PhotoEditorSDK (10.21.1):
    - imglyKit (= 10.21.1)
  - RCTRequired (0.63.2)
  - RCTTypeSafety (0.63.2):
    - FBLazyVector (= 0.63.2)
    - Folly (= 2020.01.13.00)
    - RCTRequired (= 0.63.2)
    - React-Core (= 0.63.2)
  - React (0.63.2):
    - React-Core (= 0.63.2)
    - React-Core/DevSupport (= 0.63.2)
    - React-Core/RCTWebSocket (= 0.63.2)
    - React-RCTActionSheet (= 0.63.2)
    - React-RCTAnimation (= 0.63.2)
    - React-RCTBlob (= 0.63.2)
    - React-RCTImage (= 0.63.2)
    - React-RCTLinking (= 0.63.2)
    - React-RCTNetwork (= 0.63.2)
    - React-RCTSettings (= 0.63.2)
    - React-RCTText (= 0.63.2)
    - React-RCTVibration (= 0.63.2)
  - React-callinvoker (0.63.2)
  - React-Core (0.63.2):
    - Folly (= 2020.01.13.00)
    - glog
    - React-Core/Default (= 0.63.2)
    - React-cxxreact (= 0.63.2)
    - React-jsi (= 0.63.2)
    - React-jsiexecutor (= 0.63.2)
    - Yoga
  - React-Core/CoreModulesHeaders (0.63.2):
    - Folly (= 2020.01.13.00)
    - glog
    - React-Core/Default
    - React-cxxreact (= 0.63.2)
    - React-jsi (= 0.63.2)
    - React-jsiexecutor (= 0.63.2)
    - Yoga
  - React-Core/Default (0.63.2):
    - Folly (= 2020.01.13.00)
    - glog
    - React-cxxreact (= 0.63.2)
    - React-jsi (= 0.63.2)
    - React-jsiexecutor (= 0.63.2)
    - Yoga
  - React-Core/DevSupport (0.63.2):
    - Folly (= 2020.01.13.00)
    - glog
    - React-Core/Default (= 0.63.2)
    - React-Core/RCTWebSocket (= 0.63.2)
    - React-cxxreact (= 0.63.2)
    - React-jsi (= 0.63.2)
    - React-jsiexecutor (= 0.63.2)
    - React-jsinspector (= 0.63.2)
    - Yoga
  - React-Core/RCTActionSheetHeaders (0.63.2):
    - Folly (= 2020.01.13.00)
    - glog
    - React-Core/Default
    - React-cxxreact (= 0.63.2)
    - React-jsi (= 0.63.2)
    - React-jsiexecutor (= 0.63.2)
    - Yoga
  - React-Core/RCTAnimationHeaders (0.63.2):
    - Folly (= 2020.01.13.00)
    - glog
    - React-Core/Default
    - React-cxxreact (= 0.63.2)
    - React-jsi (= 0.63.2)
    - React-jsiexecutor (= 0.63.2)
    - Yoga
  - React-Core/RCTBlobHeaders (0.63.2):
    - Folly (= 2020.01.13.00)
    - glog
    - React-Core/Default
    - React-cxxreact (= 0.63.2)
    - React-jsi (= 0.63.2)
    - React-jsiexecutor (= 0.63.2)
    - Yoga
  - React-Core/RCTImageHeaders (0.63.2):
    - Folly (= 2020.01.13.00)
    - glog
    - React-Core/Default
    - React-cxxreact (= 0.63.2)
    - React-jsi (= 0.63.2)
    - React-jsiexecutor (= 0.63.2)
    - Yoga
  - React-Core/RCTLinkingHeaders (0.63.2):
    - Folly (= 2020.01.13.00)
    - glog
    - React-Core/Default
    - React-cxxreact (= 0.63.2)
    - React-jsi (= 0.63.2)
    - React-jsiexecutor (= 0.63.2)
    - Yoga
  - React-Core/RCTNetworkHeaders (0.63.2):
    - Folly (= 2020.01.13.00)
    - glog
    - React-Core/Default
    - React-cxxreact (= 0.63.2)
    - React-jsi (= 0.63.2)
    - React-jsiexecutor (= 0.63.2)
    - Yoga
  - React-Core/RCTSettingsHeaders (0.63.2):
    - Folly (= 2020.01.13.00)
    - glog
    - React-Core/Default
    - React-cxxreact (= 0.63.2)
    - React-jsi (= 0.63.2)
    - React-jsiexecutor (= 0.63.2)
    - Yoga
  - React-Core/RCTTextHeaders (0.63.2):
    - Folly (= 2020.01.13.00)
    - glog
    - React-Core/Default
    - React-cxxreact (= 0.63.2)
    - React-jsi (= 0.63.2)
    - React-jsiexecutor (= 0.63.2)
    - Yoga
  - React-Core/RCTVibrationHeaders (0.63.2):
    - Folly (= 2020.01.13.00)
    - glog
    - React-Core/Default
    - React-cxxreact (= 0.63.2)
    - React-jsi (= 0.63.2)
    - React-jsiexecutor (= 0.63.2)
    - Yoga
  - React-Core/RCTWebSocket (0.63.2):
    - Folly (= 2020.01.13.00)
    - glog
    - React-Core/Default (= 0.63.2)
    - React-cxxreact (= 0.63.2)
    - React-jsi (= 0.63.2)
    - React-jsiexecutor (= 0.63.2)
    - Yoga
  - React-CoreModules (0.63.2):
    - FBReactNativeSpec (= 0.63.2)
    - Folly (= 2020.01.13.00)
    - RCTTypeSafety (= 0.63.2)
    - React-Core/CoreModulesHeaders (= 0.63.2)
    - React-jsi (= 0.63.2)
    - React-RCTImage (= 0.63.2)
    - ReactCommon/turbomodule/core (= 0.63.2)
  - React-cxxreact (0.63.2):
    - boost-for-react-native (= 1.63.0)
    - DoubleConversion
    - Folly (= 2020.01.13.00)
    - glog
    - React-callinvoker (= 0.63.2)
    - React-jsinspector (= 0.63.2)
  - React-jsi (0.63.2):
    - boost-for-react-native (= 1.63.0)
    - DoubleConversion
    - Folly (= 2020.01.13.00)
    - glog
    - React-jsi/Default (= 0.63.2)
  - React-jsi/Default (0.63.2):
    - boost-for-react-native (= 1.63.0)
    - DoubleConversion
    - Folly (= 2020.01.13.00)
    - glog
  - React-jsiexecutor (0.63.2):
    - DoubleConversion
    - Folly (= 2020.01.13.00)
    - glog
    - React-cxxreact (= 0.63.2)
    - React-jsi (= 0.63.2)
  - React-jsinspector (0.63.2)
  - react-native-adjust (4.23.0):
    - Adjust (= 4.23.0)
    - React
  - react-native-blur (0.8.0):
    - React
  - react-native-ffmpeg/https-gpl-lts (0.4.4):
    - mobile-ffmpeg-https-gpl (= 4.3.1.LTS)
    - React
  - react-native-google-maps (0.27.1):
    - Google-Maps-iOS-Utils (= 2.1.0)
    - GoogleMaps (= 3.5.0)
    - React
  - react-native-maps (0.27.1):
    - React
  - react-native-mixpanel (1.2.2):
    - Mixpanel (~> 3.6.0)
    - React
  - react-native-webview (10.7.0):
    - React
  - React-RCTActionSheet (0.63.2):
    - React-Core/RCTActionSheetHeaders (= 0.63.2)
  - React-RCTAnimation (0.63.2):
    - FBReactNativeSpec (= 0.63.2)
    - Folly (= 2020.01.13.00)
    - RCTTypeSafety (= 0.63.2)
    - React-Core/RCTAnimationHeaders (= 0.63.2)
    - React-jsi (= 0.63.2)
    - ReactCommon/turbomodule/core (= 0.63.2)
  - React-RCTBlob (0.63.2):
    - FBReactNativeSpec (= 0.63.2)
    - Folly (= 2020.01.13.00)
    - React-Core/RCTBlobHeaders (= 0.63.2)
    - React-Core/RCTWebSocket (= 0.63.2)
    - React-jsi (= 0.63.2)
    - React-RCTNetwork (= 0.63.2)
    - ReactCommon/turbomodule/core (= 0.63.2)
  - React-RCTImage (0.63.2):
    - FBReactNativeSpec (= 0.63.2)
    - Folly (= 2020.01.13.00)
    - RCTTypeSafety (= 0.63.2)
    - React-Core/RCTImageHeaders (= 0.63.2)
    - React-jsi (= 0.63.2)
    - React-RCTNetwork (= 0.63.2)
    - ReactCommon/turbomodule/core (= 0.63.2)
  - React-RCTLinking (0.63.2):
    - FBReactNativeSpec (= 0.63.2)
    - React-Core/RCTLinkingHeaders (= 0.63.2)
    - React-jsi (= 0.63.2)
    - ReactCommon/turbomodule/core (= 0.63.2)
  - React-RCTNetwork (0.63.2):
    - FBReactNativeSpec (= 0.63.2)
    - Folly (= 2020.01.13.00)
    - RCTTypeSafety (= 0.63.2)
    - React-Core/RCTNetworkHeaders (= 0.63.2)
    - React-jsi (= 0.63.2)
    - ReactCommon/turbomodule/core (= 0.63.2)
  - React-RCTSettings (0.63.2):
    - FBReactNativeSpec (= 0.63.2)
    - Folly (= 2020.01.13.00)
    - RCTTypeSafety (= 0.63.2)
    - React-Core/RCTSettingsHeaders (= 0.63.2)
    - React-jsi (= 0.63.2)
    - ReactCommon/turbomodule/core (= 0.63.2)
  - React-RCTText (0.63.2):
    - React-Core/RCTTextHeaders (= 0.63.2)
  - React-RCTVibration (0.63.2):
    - FBReactNativeSpec (= 0.63.2)
    - Folly (= 2020.01.13.00)
    - React-Core/RCTVibrationHeaders (= 0.63.2)
    - React-jsi (= 0.63.2)
    - ReactCommon/turbomodule/core (= 0.63.2)
  - ReactCommon/turbomodule/core (0.63.2):
    - DoubleConversion
    - Folly (= 2020.01.13.00)
    - glog
    - React-callinvoker (= 0.63.2)
    - React-Core (= 0.63.2)
    - React-cxxreact (= 0.63.2)
    - React-jsi (= 0.63.2)
  - RNAnalytics (1.3.1):
    - Analytics (~> 4.0)
    - React
  - RNAnalyticsIntegration-Mixpanel (1.3.1):
    - Analytics
    - React
    - RNAnalytics
    - Segment-Mixpanel
  - RNBootSplash (2.2.5):
    - React
  - RNCAsyncStorage (1.12.0):
    - React
  - RNCCheckbox (0.5.3):
    - React
  - RNCMaskedView (0.1.10):
    - React
  - RNDeviceInfo (6.0.4):
    - React-Core
  - RNGestureHandler (1.7.0):
    - React
  - RNPhotoEditorSDK (2.5.0):
    - PhotoEditorSDK (~> 10.18)
    - React
    - React-RCTImage
  - RNReanimated (1.13.0):
    - React
  - RNScreens (2.10.1):
    - React
  - RNSentry (1.8.2):
    - React
    - Sentry (~> 5.2.0)
  - RNSVG (12.1.0):
    - React
  - RNVectorIcons (7.1.0):
    - React
  - RNVideoEditorSDK (2.5.0):
    - React
    - React-RCTImage
    - VideoEditorSDK (~> 10.18)
  - Segment-Mixpanel (1.6.1):
    - Analytics
    - Mixpanel (~> 3.5)
  - Sentry (5.2.2):
    - Sentry/Core (= 5.2.2)
  - Sentry/Core (5.2.2)
  - UMAppLoader (1.3.0)
  - UMBarCodeScannerInterface (5.3.0)
  - UMCameraInterface (5.3.0)
  - UMConstantsInterface (5.3.0)
  - UMCore (5.5.0)
  - UMFaceDetectorInterface (5.3.0)
  - UMFileSystemInterface (5.3.0)
  - UMFontInterface (5.3.0)
  - UMImageLoaderInterface (5.3.0)
  - UMPermissionsInterface (5.3.0):
    - UMCore
  - UMReactNativeAdapter (5.6.0):
    - React-Core
    - UMCore
    - UMFontInterface
  - UMSensorsInterface (5.3.0)
  - UMTaskManagerInterface (5.3.0)
  - VideoEditorSDK (10.21.1):
    - imglyKit (= 10.21.1)
  - Yoga (1.14.0)

DEPENDENCIES:
  - DoubleConversion (from `../node_modules/react-native/third-party-podspecs/DoubleConversion.podspec`)
  - EXApplication (from `../node_modules/expo-application/ios`)
  - EXAV (from `../node_modules/expo-av/ios`)
  - EXBlur (from `../node_modules/expo-blur/ios`)
  - EXConstants (from `../node_modules/expo-constants/ios`)
  - EXDevice (from `../node_modules/expo-device/ios`)
  - EXErrorRecovery (from `../node_modules/expo-error-recovery/ios`)
  - EXFileSystem (from `../node_modules/expo-file-system/ios`)
  - EXFont (from `../node_modules/expo-font/ios`)
  - EXImageLoader (from `../node_modules/expo-image-loader/ios`)
  - EXImageManipulator (from `../node_modules/expo-image-manipulator/ios`)
  - EXImagePicker (from `../node_modules/expo-image-picker/ios`)
  - EXKeepAwake (from `../node_modules/expo-keep-awake/ios`)
  - EXLinearGradient (from `../node_modules/expo-linear-gradient/ios`)
  - EXLocalization (from `../node_modules/expo-localization/ios`)
  - EXLocation (from `../node_modules/expo-location/ios`)
  - EXMediaLibrary (from `../node_modules/expo-media-library/ios`)
  - EXNotifications (from `../node_modules/expo-notifications/ios`)
  - EXPermissions (from `../node_modules/expo-permissions/ios`)
  - EXScreenOrientation (from `../node_modules/expo-screen-orientation/ios`)
  - EXSecureStore (from `../node_modules/expo-secure-store/ios`)
  - EXSplashScreen (from `../node_modules/expo-splash-screen/ios`)
  - EXSQLite (from `../node_modules/expo-sqlite/ios`)
  - EXUpdates (from `../node_modules/expo-updates/ios`)
  - FBLazyVector (from `../node_modules/react-native/Libraries/FBLazyVector`)
  - FBReactNativeSpec (from `../node_modules/react-native/Libraries/FBReactNativeSpec`)
  - Folly (from `../node_modules/react-native/third-party-podspecs/Folly.podspec`)
  - glog (from `../node_modules/react-native/third-party-podspecs/glog.podspec`)
  - Google-Maps-iOS-Utils
  - GoogleMaps
  - lottie-react-native (from `../node_modules/lottie-react-native`)
  - RCTRequired (from `../node_modules/react-native/Libraries/RCTRequired`)
  - RCTTypeSafety (from `../node_modules/react-native/Libraries/TypeSafety`)
  - React (from `../node_modules/react-native/`)
  - React-callinvoker (from `../node_modules/react-native/ReactCommon/callinvoker`)
  - React-Core (from `../node_modules/react-native/`)
  - React-Core/DevSupport (from `../node_modules/react-native/`)
  - React-Core/RCTWebSocket (from `../node_modules/react-native/`)
  - React-CoreModules (from `../node_modules/react-native/React/CoreModules`)
  - React-cxxreact (from `../node_modules/react-native/ReactCommon/cxxreact`)
  - React-jsi (from `../node_modules/react-native/ReactCommon/jsi`)
  - React-jsiexecutor (from `../node_modules/react-native/ReactCommon/jsiexecutor`)
  - React-jsinspector (from `../node_modules/react-native/ReactCommon/jsinspector`)
  - react-native-adjust (from `../node_modules/react-native-adjust`)
  - "react-native-blur (from `../node_modules/@react-native-community/blur`)"
  - react-native-ffmpeg/https-gpl-lts (from `../node_modules/react-native-ffmpeg/react-native-ffmpeg.podspec`)
  - react-native-google-maps (from `../node_modules/react-native-maps`)
  - react-native-maps (from `../node_modules/react-native-maps`)
  - react-native-mixpanel (from `../node_modules/react-native-mixpanel`)
  - react-native-webview (from `../node_modules/react-native-webview`)
  - React-RCTActionSheet (from `../node_modules/react-native/Libraries/ActionSheetIOS`)
  - React-RCTAnimation (from `../node_modules/react-native/Libraries/NativeAnimation`)
  - React-RCTBlob (from `../node_modules/react-native/Libraries/Blob`)
  - React-RCTImage (from `../node_modules/react-native/Libraries/Image`)
  - React-RCTLinking (from `../node_modules/react-native/Libraries/LinkingIOS`)
  - React-RCTNetwork (from `../node_modules/react-native/Libraries/Network`)
  - React-RCTSettings (from `../node_modules/react-native/Libraries/Settings`)
  - React-RCTText (from `../node_modules/react-native/Libraries/Text`)
  - React-RCTVibration (from `../node_modules/react-native/Libraries/Vibration`)
  - ReactCommon/turbomodule/core (from `../node_modules/react-native/ReactCommon`)
  - "RNAnalytics (from `../node_modules/@segment/analytics-react-native`)"
  - "RNAnalyticsIntegration-Mixpanel (from `../node_modules/@segment/analytics-react-native-mixpanel`)"
  - RNBootSplash (from `../node_modules/react-native-bootsplash`)
  - "RNCAsyncStorage (from `../node_modules/@react-native-community/async-storage`)"
  - "RNCCheckbox (from `../node_modules/@react-native-community/checkbox`)"
  - "RNCMaskedView (from `../node_modules/@react-native-community/masked-view`)"
  - RNDeviceInfo (from `../node_modules/react-native-device-info`)
  - RNGestureHandler (from `../node_modules/react-native-gesture-handler`)
  - RNPhotoEditorSDK (from `../node_modules/react-native-photoeditorsdk`)
  - RNReanimated (from `../node_modules/react-native-reanimated`)
  - RNScreens (from `../node_modules/react-native-screens`)
  - "RNSentry (from `../node_modules/@sentry/react-native`)"
  - RNSVG (from `../node_modules/react-native-svg`)
  - RNVectorIcons (from `../node_modules/react-native-vector-icons`)
  - RNVideoEditorSDK (from `../node_modules/react-native-videoeditorsdk`)
  - UMAppLoader (from `../node_modules/unimodules-app-loader/ios`)
  - UMBarCodeScannerInterface (from `../node_modules/unimodules-barcode-scanner-interface/ios`)
  - UMCameraInterface (from `../node_modules/unimodules-camera-interface/ios`)
  - UMConstantsInterface (from `../node_modules/unimodules-constants-interface/ios`)
  - "UMCore (from `../node_modules/@unimodules/core/ios`)"
  - UMFaceDetectorInterface (from `../node_modules/unimodules-face-detector-interface/ios`)
  - UMFileSystemInterface (from `../node_modules/unimodules-file-system-interface/ios`)
  - UMFontInterface (from `../node_modules/unimodules-font-interface/ios`)
  - UMImageLoaderInterface (from `../node_modules/unimodules-image-loader-interface/ios`)
  - UMPermissionsInterface (from `../node_modules/unimodules-permissions-interface/ios`)
  - "UMReactNativeAdapter (from `../node_modules/@unimodules/react-native-adapter/ios`)"
  - UMSensorsInterface (from `../node_modules/unimodules-sensors-interface/ios`)
  - UMTaskManagerInterface (from `../node_modules/unimodules-task-manager-interface/ios`)
  - Yoga (from `../node_modules/react-native/ReactCommon/yoga`)

SPEC REPOS:
  trunk:
    - Adjust
    - Analytics
    - boost-for-react-native
    - Google-Maps-iOS-Utils
    - GoogleMaps
    - imglyKit
    - lottie-ios
    - Mixpanel
    - mobile-ffmpeg-https-gpl
    - PhotoEditorSDK
    - Segment-Mixpanel
    - Sentry
    - VideoEditorSDK

EXTERNAL SOURCES:
  DoubleConversion:
    :podspec: "../node_modules/react-native/third-party-podspecs/DoubleConversion.podspec"
  EXApplication:
    :path: "../node_modules/expo-application/ios"
  EXAV:
    :path: "../node_modules/expo-av/ios"
  EXBlur:
    :path: "../node_modules/expo-blur/ios"
  EXConstants:
    :path: "../node_modules/expo-constants/ios"
  EXDevice:
    :path: "../node_modules/expo-device/ios"
  EXErrorRecovery:
    :path: "../node_modules/expo-error-recovery/ios"
  EXFileSystem:
    :path: "../node_modules/expo-file-system/ios"
  EXFont:
    :path: "../node_modules/expo-font/ios"
  EXImageLoader:
    :path: "../node_modules/expo-image-loader/ios"
  EXImageManipulator:
    :path: "../node_modules/expo-image-manipulator/ios"
  EXImagePicker:
    :path: "../node_modules/expo-image-picker/ios"
  EXKeepAwake:
    :path: "../node_modules/expo-keep-awake/ios"
  EXLinearGradient:
    :path: "../node_modules/expo-linear-gradient/ios"
  EXLocalization:
    :path: "../node_modules/expo-localization/ios"
  EXLocation:
    :path: "../node_modules/expo-location/ios"
  EXMediaLibrary:
    :path: "../node_modules/expo-media-library/ios"
  EXNotifications:
    :path: "../node_modules/expo-notifications/ios"
  EXPermissions:
    :path: "../node_modules/expo-permissions/ios"
  EXScreenOrientation:
    :path: "../node_modules/expo-screen-orientation/ios"
  EXSecureStore:
    :path: "../node_modules/expo-secure-store/ios"
  EXSplashScreen:
    :path: "../node_modules/expo-splash-screen/ios"
  EXSQLite:
    :path: "../node_modules/expo-sqlite/ios"
  EXUpdates:
    :path: "../node_modules/expo-updates/ios"
  FBLazyVector:
    :path: "../node_modules/react-native/Libraries/FBLazyVector"
  FBReactNativeSpec:
    :path: "../node_modules/react-native/Libraries/FBReactNativeSpec"
  Folly:
    :podspec: "../node_modules/react-native/third-party-podspecs/Folly.podspec"
  glog:
    :podspec: "../node_modules/react-native/third-party-podspecs/glog.podspec"
  lottie-react-native:
    :path: "../node_modules/lottie-react-native"
  RCTRequired:
    :path: "../node_modules/react-native/Libraries/RCTRequired"
  RCTTypeSafety:
    :path: "../node_modules/react-native/Libraries/TypeSafety"
  React:
    :path: "../node_modules/react-native/"
  React-callinvoker:
    :path: "../node_modules/react-native/ReactCommon/callinvoker"
  React-Core:
    :path: "../node_modules/react-native/"
  React-CoreModules:
    :path: "../node_modules/react-native/React/CoreModules"
  React-cxxreact:
    :path: "../node_modules/react-native/ReactCommon/cxxreact"
  React-jsi:
    :path: "../node_modules/react-native/ReactCommon/jsi"
  React-jsiexecutor:
    :path: "../node_modules/react-native/ReactCommon/jsiexecutor"
  React-jsinspector:
    :path: "../node_modules/react-native/ReactCommon/jsinspector"
  react-native-adjust:
    :path: "../node_modules/react-native-adjust"
  react-native-blur:
    :path: "../node_modules/@react-native-community/blur"
  react-native-ffmpeg:
    :podspec: "../node_modules/react-native-ffmpeg/react-native-ffmpeg.podspec"
  react-native-google-maps:
    :path: "../node_modules/react-native-maps"
  react-native-maps:
    :path: "../node_modules/react-native-maps"
  react-native-mixpanel:
    :path: "../node_modules/react-native-mixpanel"
  react-native-webview:
    :path: "../node_modules/react-native-webview"
  React-RCTActionSheet:
    :path: "../node_modules/react-native/Libraries/ActionSheetIOS"
  React-RCTAnimation:
    :path: "../node_modules/react-native/Libraries/NativeAnimation"
  React-RCTBlob:
    :path: "../node_modules/react-native/Libraries/Blob"
  React-RCTImage:
    :path: "../node_modules/react-native/Libraries/Image"
  React-RCTLinking:
    :path: "../node_modules/react-native/Libraries/LinkingIOS"
  React-RCTNetwork:
    :path: "../node_modules/react-native/Libraries/Network"
  React-RCTSettings:
    :path: "../node_modules/react-native/Libraries/Settings"
  React-RCTText:
    :path: "../node_modules/react-native/Libraries/Text"
  React-RCTVibration:
    :path: "../node_modules/react-native/Libraries/Vibration"
  ReactCommon:
    :path: "../node_modules/react-native/ReactCommon"
  RNAnalytics:
    :path: "../node_modules/@segment/analytics-react-native"
  RNAnalyticsIntegration-Mixpanel:
    :path: "../node_modules/@segment/analytics-react-native-mixpanel"
  RNBootSplash:
    :path: "../node_modules/react-native-bootsplash"
  RNCAsyncStorage:
    :path: "../node_modules/@react-native-community/async-storage"
  RNCCheckbox:
    :path: "../node_modules/@react-native-community/checkbox"
  RNCMaskedView:
    :path: "../node_modules/@react-native-community/masked-view"
  RNDeviceInfo:
    :path: "../node_modules/react-native-device-info"
  RNGestureHandler:
    :path: "../node_modules/react-native-gesture-handler"
  RNPhotoEditorSDK:
    :path: "../node_modules/react-native-photoeditorsdk"
  RNReanimated:
    :path: "../node_modules/react-native-reanimated"
  RNScreens:
    :path: "../node_modules/react-native-screens"
  RNSentry:
    :path: "../node_modules/@sentry/react-native"
  RNSVG:
    :path: "../node_modules/react-native-svg"
  RNVectorIcons:
    :path: "../node_modules/react-native-vector-icons"
  RNVideoEditorSDK:
    :path: "../node_modules/react-native-videoeditorsdk"
  UMAppLoader:
    :path: "../node_modules/unimodules-app-loader/ios"
  UMBarCodeScannerInterface:
    :path: "../node_modules/unimodules-barcode-scanner-interface/ios"
  UMCameraInterface:
    :path: "../node_modules/unimodules-camera-interface/ios"
  UMConstantsInterface:
    :path: "../node_modules/unimodules-constants-interface/ios"
  UMCore:
    :path: "../node_modules/@unimodules/core/ios"
  UMFaceDetectorInterface:
    :path: "../node_modules/unimodules-face-detector-interface/ios"
  UMFileSystemInterface:
    :path: "../node_modules/unimodules-file-system-interface/ios"
  UMFontInterface:
    :path: "../node_modules/unimodules-font-interface/ios"
  UMImageLoaderInterface:
    :path: "../node_modules/unimodules-image-loader-interface/ios"
  UMPermissionsInterface:
    :path: "../node_modules/unimodules-permissions-interface/ios"
  UMReactNativeAdapter:
    :path: "../node_modules/@unimodules/react-native-adapter/ios"
  UMSensorsInterface:
    :path: "../node_modules/unimodules-sensors-interface/ios"
  UMTaskManagerInterface:
    :path: "../node_modules/unimodules-task-manager-interface/ios"
  Yoga:
    :path: "../node_modules/react-native/ReactCommon/yoga"

SPEC CHECKSUMS:
  Adjust: 552e4f9bbc77501b2000f483491b20642081749a
  Analytics: 4bcf052c91e1f3339219e83d6a036fb2bd7c218d
  boost-for-react-native: 39c7adb57c4e60d6c5479dd8623128eb5b3f0f2c
  DoubleConversion: cde416483dac037923206447da6e1454df403714
  EXApplication: c346c5ab7d1a4607f1863e93490b79fe838148b1
  EXAV: 1f679b57367f8889b5ea15067413c9e2d95039fb
  EXBlur: 84c07f6396daf07125fd1202da48cdf2137c29c5
  EXConstants: f486f6b4a36b86e47ab258d4d2b7b2699786fdce
  EXDevice: e6ede72e08f6adc4b224d0628a9963d394ab9226
  EXErrorRecovery: 16696fe023fb46a32c3b09033abc361cfcf150a7
  EXFileSystem: afe9b1fd937d30270bf5108ba44e2f4a1d1ad694
  EXFont: a6a4353271395f3bb4ee528b52a5035b4b0e412a
  EXImageLoader: 7153fb1307ac643299a9072b71da0d276f4c7789
  EXImageManipulator: 8bb065265ddaa9d526b70a6825123b85d34d32a4
  EXImagePicker: f2fe9ee19a97b225658e80733896275a198c60f2
  EXKeepAwake: 76eed36786534f6a476748e600fa6faf07ac3d09
  EXLinearGradient: 2f0230aa5d79c956aba618df3988eb0a9d283399
  EXLocalization: 8621f60b37c3d3ad8c8e27c2cb3b05ebc7b484a2
  EXLocation: a3b92458ec5c4356c5d932fe0d2bbe552ef7f4cb
  EXMediaLibrary: 876e417918fbb1a3a521b3465b8034ef41d5d16a
  EXNotifications: 0a1152ef2bd0f1cdd72a46bb256523a6ce5fa6e5
  EXPermissions: 30cbe5b72bd209b65c00884180ad058a60bb413d
  EXScreenOrientation: 9110f49798fae74322f6fa959eab1da5d4805cf0
  EXSecureStore: 579cbccd9cd093e6f4336aba073b059008bd78e0
  EXSplashScreen: c496093747ee7f4e933c6312c0f52681612592e3
  EXSQLite: d0d8677c13e60d5db2812387f059c697be27d3fb
  EXUpdates: 9ed0693ab1c8df9f0472cfb4549d5edccdf05849
  FBLazyVector: 3ef4a7f62e7db01092f9d517d2ebc0d0677c4a37
  FBReactNativeSpec: dc7fa9088f0f2a998503a352b0554d69a4391c5a
  Folly: b73c3869541e86821df3c387eb0af5f65addfab4
  glog: 40a13f7840415b9a77023fbcae0f1e6f43192af3
  Google-Maps-iOS-Utils: c32891ff472eaaa1fca032beedafa1a013af7875
  GoogleMaps: 32ca02de09de357a10ac773f2c70f1986751392d
  imglyKit: f762f3a8b7a062be4efe4b62bc1407d6295af900
  lottie-ios: 48fac6be217c76937e36e340e2d09cf7b10b7f5f
  lottie-react-native: 1fb4ce21d6ad37dab8343eaff8719df76035bd93
  Mixpanel: 0e9d50ecc6398e1082e690ddedf6968e57e81935
  mobile-ffmpeg-https-gpl: 40f773ba24431c12a0753a25676406a5f9406659
  PhotoEditorSDK: 1d8cb444ca7c9e76d2dd5f87b24101a8053ca93f
  RCTRequired: f13f25e7b12f925f1f6a6a8c69d929a03c0129fe
  RCTTypeSafety: 44982c5c8e43ff4141eb519a8ddc88059acd1f3a
  React: e1c65dd41cb9db13b99f24608e47dd595f28ca9a
  React-callinvoker: 552a6a6bc8b3bb794cf108ad59e5a9e2e3b4fc98
  React-Core: 9d341e725dc9cd2f49e4c49ad1fc4e8776aa2639
  React-CoreModules: 5335e168165da7f7083ce7147768d36d3e292318
  React-cxxreact: d3261ec5f7d11743fbf21e263a34ea51d1f13ebc
  React-jsi: 54245e1d5f4b690dec614a73a3795964eeef13a8
  React-jsiexecutor: 8ca588cc921e70590820ce72b8789b02c67cce38
  React-jsinspector: b14e62ebe7a66e9231e9581279909f2fc3db6606
  react-native-adjust: 2a86dea62f6ce09463f36ac3ee60f615e790ee8c
  react-native-blur: cad4d93b364f91e7b7931b3fa935455487e5c33c
  react-native-ffmpeg: f9a60452aaa5d478aac205b248224994f3bde416
  react-native-google-maps: 0a989abda71059db2caa98b9dacca7a8f38a47d0
  react-native-maps: f4b89da81626ad7f151a8bfcb79733295d31ce5c
  react-native-mixpanel: 3c875a148e2e5a2a66f7dfcc55e2b77552fe58a1
  react-native-webview: 6edf4d6f71b9161fc3e96083726a538ee395304d
  React-RCTActionSheet: 910163b6b09685a35c4ebbc52b66d1bfbbe39fc5
  React-RCTAnimation: 9a883bbe1e9d2e158d4fb53765ed64c8dc2200c6
  React-RCTBlob: 39cf0ece1927996c4466510e25d2105f67010e13
  React-RCTImage: de355d738727b09ad3692f2a979affbd54b5f378
  React-RCTLinking: 8122f221d395a63364b2c0078ce284214bd04575
  React-RCTNetwork: 8f96c7b49ea6a0f28f98258f347b6ad218bc0830
  React-RCTSettings: 8a49622aff9c1925f5455fa340b6fe4853d64ab6
  React-RCTText: 1b6773e776e4b33f90468c20fe3b16ca3e224bb8
  React-RCTVibration: 4d2e726957f4087449739b595f107c0d4b6c2d2d
  ReactCommon: a0a1edbebcac5e91338371b72ffc66aa822792ce
  RNAnalytics: 589e1b1072d9df2646899627e4582d20c3255127
  RNAnalyticsIntegration-Mixpanel: c25ce5710f9b87d8eb631567f65cc2005993f735
  RNBootSplash: b3836aa90c5bec690c6cd3c9ab355fcf98d0fe1d
  RNCAsyncStorage: 2a692bcb9b69b76a2f1a95f33db057129700af64
  RNCCheckbox: 47d045535fbb16796df628022a7cd631c78a4d9b
  RNCMaskedView: 5a8ec07677aa885546a0d98da336457e2bea557f
  RNDeviceInfo: 5eb11f4aef9395cca403c0c92dff458252fc0b2c
  RNGestureHandler: b6b359bb800ae399a9c8b27032bdbf7c18f08a08
  RNPhotoEditorSDK: 985f356d246e78c4c65dbbdb55f721cda0887120
  RNReanimated: 89f5e0a04d1dd52fbf27e7e7030d8f80a646a3fc
  RNScreens: b748efec66e095134c7166ca333b628cd7e6f3e2
  RNSentry: cff88174a0b2e0289b2efe5be1abba1f6c54269d
  RNSVG: ce9d996113475209013317e48b05c21ee988d42e
  RNVectorIcons: bc69e6a278b14842063605de32bec61f0b251a59
  RNVideoEditorSDK: 271682157e429f1df5bf3629d6bcb1143fe14089
  Segment-Mixpanel: 05d5021ffa0edc37642980ef44e03748ceb804da
  Sentry: 8fa58a051237554f22507fb483b9a1de0171a2dc
  UMAppLoader: 5db5dc03176c6238da9c8b3657a370137882a4ad
  UMBarCodeScannerInterface: 017672479f93de88d94c3a50dfb66b5348b65989
  UMCameraInterface: 22bd2c4bf15dcf68530368fa5704af7490818457
  UMConstantsInterface: ff612789417aace6fd01a9c35616bc87dcdc8d97
  UMCore: 28d7a74260813f906738533ad7dce4529d3d24ee
  UMFaceDetectorInterface: 9bc6a197ad9d4d16ba13bfdf2340dd7f24964308
  UMFileSystemInterface: e7795274eee76beaadaf6015bcc7f5da3054b925
  UMFontInterface: bc5dd878b2f6fffdac80e41fd36893c619683712
  UMImageLoaderInterface: 78ab0fd45c2bcaee61957fa23858bf31f2bcb122
  UMPermissionsInterface: 4f21b0c2aaf953cf041109ff44231b2a69e22836
  UMReactNativeAdapter: 61ae88818058b7849bbf5b79bf97872cb3c8e0eb
  UMSensorsInterface: 49bea41dcfcc041f0bbab27cfe4a6006f1dde0c0
  UMTaskManagerInterface: 6cad5929dbc0a5b986ad4d77caac497d4de730a7
  VideoEditorSDK: ca58c1298db2910182111dfa946cfa49a7a5c78a
  Yoga: 7740b94929bbacbddda59bf115b5317e9a161598

PODFILE CHECKSUM: 107bb2d737711ab4b88b3d278b853db1609e1fb5

COCOAPODS: 1.9.3
